
Microsoft Visual Studio Solution File, Format Version 12.00
# Visual Studio 15
VisualStudioVersion = 15.0.27703.2042
MinimumVisualStudioVersion = 10.0.40219.1
Project("{FAE04EC0-301F-11D3-BF4B-00C04F79EFBC}") = "Emissor.Android", "Emissor\Emissor.Android\Emissor.Android.csproj", "{407B096A-C659-4A5A-8C0F-198C8A57DA70}"
EndProject
Project("{FAE04EC0-301F-11D3-BF4B-00C04F79EFBC}") = "Emissor.iOS", "Emissor\Emissor.iOS\Emissor.iOS.csproj", "{10DB6A82-6940-49DB-BD35-4C8758AF6C66}"
EndProject
Project("{FAE04EC0-301F-11D3-BF4B-00C04F79EFBC}") = "Emissor.UWP", "Emissor\Emissor.UWP\Emissor.UWP.csproj", "{BBFB23F5-1EBB-42EE-8FC0-0BA8A1C66197}"
EndProject
Project("{D954291E-2A0B-460D-934E-DC6B0785DB48}") = "Emissor", "Emissor\Emissor\Emissor.shproj", "{D0880B2D-64CA-4702-B3B5-090C4663DDDA}"
EndProject
Project("{FAE04EC0-301F-11D3-BF4B-00C04F79EFBC}") = "Api", "Api\Api.csproj", "{2CD790EE-ECA3-4592-9ED5-01404C142BB3}"
EndProject
Global
	GlobalSection(SharedMSBuildProjectFiles) = preSolution
		Emissor\Emissor\Emissor.projitems*{10db6a82-6940-49db-bd35-4c8758af6c66}*SharedItemsImports = 4
		Emissor\Emissor\Emissor.projitems*{407b096a-c659-4a5a-8c0f-198c8a57da70}*SharedItemsImports = 4
		Emissor\Emissor\Emissor.projitems*{bbfb23f5-1ebb-42ee-8fc0-0ba8a1c66197}*SharedItemsImports = 4
		Emissor\Emissor\Emissor.projitems*{d0880b2d-64ca-4702-b3b5-090c4663ddda}*SharedItemsImports = 13
	EndGlobalSection
	GlobalSection(SolutionConfigurationPlatforms) = preSolution
		Ad-Hoc|Any CPU = Ad-Hoc|Any CPU
		Ad-Hoc|ARM = Ad-Hoc|ARM
		Ad-Hoc|iPhone = Ad-Hoc|iPhone
		Ad-Hoc|iPhoneSimulator = Ad-Hoc|iPhoneSimulator
		Ad-Hoc|x64 = Ad-Hoc|x64
		Ad-Hoc|x86 = Ad-Hoc|x86
		AppStore|Any CPU = AppStore|Any CPU
		AppStore|ARM = AppStore|ARM
		AppStore|iPhone = AppStore|iPhone
		AppStore|iPhoneSimulator = AppStore|iPhoneSimulator
		AppStore|x64 = AppStore|x64
		AppStore|x86 = AppStore|x86
		Debug|Any CPU = Debug|Any CPU
		Debug|ARM = Debug|ARM
		Debug|iPhone = Debug|iPhone
		Debug|iPhoneSimulator = Debug|iPhoneSimulator
		Debug|x64 = Debug|x64
		Debug|x86 = Debug|x86
		Release|Any CPU = Release|Any CPU
		Release|ARM = Release|ARM
		Release|iPhone = Release|iPhone
		Release|iPhoneSimulator = Release|iPhoneSimulator
		Release|x64 = Release|x64
		Release|x86 = Release|x86
	EndGlobalSection
	GlobalSection(ProjectConfigurationPlatforms) = postSolution
		{407B096A-C659-4A5A-8C0F-198C8A57DA70}.Ad-Hoc|Any CPU.ActiveCfg = Release|Any CPU
		{407B096A-C659-4A5A-8C0F-198C8A57DA70}.Ad-Hoc|Any CPU.Build.0 = Release|Any CPU
		{407B096A-C659-4A5A-8C0F-198C8A57DA70}.Ad-Hoc|Any CPU.Deploy.0 = Release|Any CPU
		{407B096A-C659-4A5A-8C0F-198C8A57DA70}.Ad-Hoc|ARM.ActiveCfg = Release|Any CPU
		{407B096A-C659-4A5A-8C0F-198C8A57DA70}.Ad-Hoc|ARM.Build.0 = Release|Any CPU
		{407B096A-C659-4A5A-8C0F-198C8A57DA70}.Ad-Hoc|ARM.Deploy.0 = Release|Any CPU
		{407B096A-C659-4A5A-8C0F-198C8A57DA70}.Ad-Hoc|iPhone.ActiveCfg = Release|Any CPU
		{407B096A-C659-4A5A-8C0F-198C8A57DA70}.Ad-Hoc|iPhone.Build.0 = Release|Any CPU
		{407B096A-C659-4A5A-8C0F-198C8A57DA70}.Ad-Hoc|iPhone.Deploy.0 = Release|Any CPU
		{407B096A-C659-4A5A-8C0F-198C8A57DA70}.Ad-Hoc|iPhoneSimulator.ActiveCfg = Release|Any CPU
		{407B096A-C659-4A5A-8C0F-198C8A57DA70}.Ad-Hoc|iPhoneSimulator.Build.0 = Release|Any CPU
		{407B096A-C659-4A5A-8C0F-198C8A57DA70}.Ad-Hoc|iPhoneSimulator.Deploy.0 = Release|Any CPU
		{407B096A-C659-4A5A-8C0F-198C8A57DA70}.Ad-Hoc|x64.ActiveCfg = Release|Any CPU
		{407B096A-C659-4A5A-8C0F-198C8A57DA70}.Ad-Hoc|x64.Build.0 = Release|Any CPU
		{407B096A-C659-4A5A-8C0F-198C8A57DA70}.Ad-Hoc|x64.Deploy.0 = Release|Any CPU
		{407B096A-C659-4A5A-8C0F-198C8A57DA70}.Ad-Hoc|x86.ActiveCfg = Release|Any CPU
		{407B096A-C659-4A5A-8C0F-198C8A57DA70}.Ad-Hoc|x86.Build.0 = Release|Any CPU
		{407B096A-C659-4A5A-8C0F-198C8A57DA70}.Ad-Hoc|x86.Deploy.0 = Release|Any CPU
		{407B096A-C659-4A5A-8C0F-198C8A57DA70}.AppStore|Any CPU.ActiveCfg = Release|Any CPU
		{407B096A-C659-4A5A-8C0F-198C8A57DA70}.AppStore|Any CPU.Build.0 = Release|Any CPU
		{407B096A-C659-4A5A-8C0F-198C8A57DA70}.AppStore|Any CPU.Deploy.0 = Release|Any CPU
		{407B096A-C659-4A5A-8C0F-198C8A57DA70}.AppStore|ARM.ActiveCfg = Release|Any CPU
		{407B096A-C659-4A5A-8C0F-198C8A57DA70}.AppStore|ARM.Build.0 = Release|Any CPU
		{407B096A-C659-4A5A-8C0F-198C8A57DA70}.AppStore|ARM.Deploy.0 = Release|Any CPU
		{407B096A-C659-4A5A-8C0F-198C8A57DA70}.AppStore|iPhone.ActiveCfg = Release|Any CPU
		{407B096A-C659-4A5A-8C0F-198C8A57DA70}.AppStore|iPhone.Build.0 = Release|Any CPU
		{407B096A-C659-4A5A-8C0F-198C8A57DA70}.AppStore|iPhone.Deploy.0 = Release|Any CPU
		{407B096A-C659-4A5A-8C0F-198C8A57DA70}.AppStore|iPhoneSimulator.ActiveCfg = Release|Any CPU
		{407B096A-C659-4A5A-8C0F-198C8A57DA70}.AppStore|iPhoneSimulator.Build.0 = Release|Any CPU
		{407B096A-C659-4A5A-8C0F-198C8A57DA70}.AppStore|iPhoneSimulator.Deploy.0 = Release|Any CPU
		{407B096A-C659-4A5A-8C0F-198C8A57DA70}.AppStore|x64.ActiveCfg = Release|Any CPU
		{407B096A-C659-4A5A-8C0F-198C8A57DA70}.AppStore|x64.Build.0 = Release|Any CPU
		{407B096A-C659-4A5A-8C0F-198C8A57DA70}.AppStore|x64.Deploy.0 = Release|Any CPU
		{407B096A-C659-4A5A-8C0F-198C8A57DA70}.AppStore|x86.ActiveCfg = Release|Any CPU
		{407B096A-C659-4A5A-8C0F-198C8A57DA70}.AppStore|x86.Build.0 = Release|Any CPU
		{407B096A-C659-4A5A-8C0F-198C8A57DA70}.AppStore|x86.Deploy.0 = Release|Any CPU
		{407B096A-C659-4A5A-8C0F-198C8A57DA70}.Debug|Any CPU.ActiveCfg = Debug|Any CPU
		{407B096A-C659-4A5A-8C0F-198C8A57DA70}.Debug|Any CPU.Build.0 = Debug|Any CPU
		{407B096A-C659-4A5A-8C0F-198C8A57DA70}.Debug|Any CPU.Deploy.0 = Debug|Any CPU
		{407B096A-C659-4A5A-8C0F-198C8A57DA70}.Debug|ARM.ActiveCfg = Debug|Any CPU
		{407B096A-C659-4A5A-8C0F-198C8A57DA70}.Debug|ARM.Build.0 = Debug|Any CPU
		{407B096A-C659-4A5A-8C0F-198C8A57DA70}.Debug|ARM.Deploy.0 = Debug|Any CPU
		{407B096A-C659-4A5A-8C0F-198C8A57DA70}.Debug|iPhone.ActiveCfg = Debug|Any CPU
		{407B096A-C659-4A5A-8C0F-198C8A57DA70}.Debug|iPhone.Build.0 = Debug|Any CPU
		{407B096A-C659-4A5A-8C0F-198C8A57DA70}.Debug|iPhone.Deploy.0 = Debug|Any CPU
		{407B096A-C659-4A5A-8C0F-198C8A57DA70}.Debug|iPhoneSimulator.ActiveCfg = Debug|Any CPU
		{407B096A-C659-4A5A-8C0F-198C8A57DA70}.Debug|iPhoneSimulator.Build.0 = Debug|Any CPU
		{407B096A-C659-4A5A-8C0F-198C8A57DA70}.Debug|iPhoneSimulator.Deploy.0 = Debug|Any CPU
		{407B096A-C659-4A5A-8C0F-198C8A57DA70}.Debug|x64.ActiveCfg = Debug|Any CPU
		{407B096A-C659-4A5A-8C0F-198C8A57DA70}.Debug|x64.Build.0 = Debug|Any CPU
		{407B096A-C659-4A5A-8C0F-198C8A57DA70}.Debug|x64.Deploy.0 = Debug|Any CPU
		{407B096A-C659-4A5A-8C0F-198C8A57DA70}.Debug|x86.ActiveCfg = Debug|Any CPU
		{407B096A-C659-4A5A-8C0F-198C8A57DA70}.Debug|x86.Build.0 = Debug|Any CPU
		{407B096A-C659-4A5A-8C0F-198C8A57DA70}.Debug|x86.Deploy.0 = Debug|Any CPU
		{407B096A-C659-4A5A-8C0F-198C8A57DA70}.Release|Any CPU.ActiveCfg = Release|Any CPU
		{407B096A-C659-4A5A-8C0F-198C8A57DA70}.Release|Any CPU.Build.0 = Release|Any CPU
		{407B096A-C659-4A5A-8C0F-198C8A57DA70}.Release|Any CPU.Deploy.0 = Release|Any CPU
		{407B096A-C659-4A5A-8C0F-198C8A57DA70}.Release|ARM.ActiveCfg = Release|Any CPU
		{407B096A-C659-4A5A-8C0F-198C8A57DA70}.Release|ARM.Build.0 = Release|Any CPU
		{407B096A-C659-4A5A-8C0F-198C8A57DA70}.Release|ARM.Deploy.0 = Release|Any CPU
		{407B096A-C659-4A5A-8C0F-198C8A57DA70}.Release|iPhone.ActiveCfg = Release|Any CPU
		{407B096A-C659-4A5A-8C0F-198C8A57DA70}.Release|iPhone.Build.0 = Release|Any CPU
		{407B096A-C659-4A5A-8C0F-198C8A57DA70}.Release|iPhone.Deploy.0 = Release|Any CPU
		{407B096A-C659-4A5A-8C0F-198C8A57DA70}.Release|iPhoneSimulator.ActiveCfg = Release|Any CPU
		{407B096A-C659-4A5A-8C0F-198C8A57DA70}.Release|iPhoneSimulator.Build.0 = Release|Any CPU
		{407B096A-C659-4A5A-8C0F-198C8A57DA70}.Release|iPhoneSimulator.Deploy.0 = Release|Any CPU
		{407B096A-C659-4A5A-8C0F-198C8A57DA70}.Release|x64.ActiveCfg = Release|Any CPU
		{407B096A-C659-4A5A-8C0F-198C8A57DA70}.Release|x64.Build.0 = Release|Any CPU
		{407B096A-C659-4A5A-8C0F-198C8A57DA70}.Release|x64.Deploy.0 = Release|Any CPU
		{407B096A-C659-4A5A-8C0F-198C8A57DA70}.Release|x86.ActiveCfg = Release|Any CPU
		{407B096A-C659-4A5A-8C0F-198C8A57DA70}.Release|x86.Build.0 = Release|Any CPU
		{407B096A-C659-4A5A-8C0F-198C8A57DA70}.Release|x86.Deploy.0 = Release|Any CPU
		{10DB6A82-6940-49DB-BD35-4C8758AF6C66}.Ad-Hoc|Any CPU.ActiveCfg = Ad-Hoc|iPhone
		{10DB6A82-6940-49DB-BD35-4C8758AF6C66}.Ad-Hoc|Any CPU.Build.0 = Ad-Hoc|iPhone
		{10DB6A82-6940-49DB-BD35-4C8758AF6C66}.Ad-Hoc|Any CPU.Deploy.0 = Ad-Hoc|iPhone
		{10DB6A82-6940-49DB-BD35-4C8758AF6C66}.Ad-Hoc|ARM.ActiveCfg = Ad-Hoc|iPhone
		{10DB6A82-6940-49DB-BD35-4C8758AF6C66}.Ad-Hoc|ARM.Build.0 = Ad-Hoc|iPhone
		{10DB6A82-6940-49DB-BD35-4C8758AF6C66}.Ad-Hoc|ARM.Deploy.0 = Ad-Hoc|iPhone
		{10DB6A82-6940-49DB-BD35-4C8758AF6C66}.Ad-Hoc|iPhone.ActiveCfg = Ad-Hoc|iPhone
		{10DB6A82-6940-49DB-BD35-4C8758AF6C66}.Ad-Hoc|iPhone.Build.0 = Ad-Hoc|iPhone
		{10DB6A82-6940-49DB-BD35-4C8758AF6C66}.Ad-Hoc|iPhone.Deploy.0 = Ad-Hoc|iPhone
		{10DB6A82-6940-49DB-BD35-4C8758AF6C66}.Ad-Hoc|iPhoneSimulator.ActiveCfg = Ad-Hoc|iPhoneSimulator
		{10DB6A82-6940-49DB-BD35-4C8758AF6C66}.Ad-Hoc|iPhoneSimulator.Build.0 = Ad-Hoc|iPhoneSimulator
		{10DB6A82-6940-49DB-BD35-4C8758AF6C66}.Ad-Hoc|iPhoneSimulator.Deploy.0 = Ad-Hoc|iPhoneSimulator
		{10DB6A82-6940-49DB-BD35-4C8758AF6C66}.Ad-Hoc|x64.ActiveCfg = Ad-Hoc|iPhone
		{10DB6A82-6940-49DB-BD35-4C8758AF6C66}.Ad-Hoc|x64.Build.0 = Ad-Hoc|iPhone
		{10DB6A82-6940-49DB-BD35-4C8758AF6C66}.Ad-Hoc|x64.Deploy.0 = Ad-Hoc|iPhone
		{10DB6A82-6940-49DB-BD35-4C8758AF6C66}.Ad-Hoc|x86.ActiveCfg = Ad-Hoc|iPhone
		{10DB6A82-6940-49DB-BD35-4C8758AF6C66}.Ad-Hoc|x86.Build.0 = Ad-Hoc|iPhone
		{10DB6A82-6940-49DB-BD35-4C8758AF6C66}.Ad-Hoc|x86.Deploy.0 = Ad-Hoc|iPhone
		{10DB6A82-6940-49DB-BD35-4C8758AF6C66}.AppStore|Any CPU.ActiveCfg = AppStore|iPhone
		{10DB6A82-6940-49DB-BD35-4C8758AF6C66}.AppStore|Any CPU.Build.0 = AppStore|iPhone
		{10DB6A82-6940-49DB-BD35-4C8758AF6C66}.AppStore|Any CPU.Deploy.0 = AppStore|iPhone
		{10DB6A82-6940-49DB-BD35-4C8758AF6C66}.AppStore|ARM.ActiveCfg = AppStore|iPhone
		{10DB6A82-6940-49DB-BD35-4C8758AF6C66}.AppStore|ARM.Build.0 = AppStore|iPhone
		{10DB6A82-6940-49DB-BD35-4C8758AF6C66}.AppStore|ARM.Deploy.0 = AppStore|iPhone
		{10DB6A82-6940-49DB-BD35-4C8758AF6C66}.AppStore|iPhone.ActiveCfg = AppStore|iPhone
		{10DB6A82-6940-49DB-BD35-4C8758AF6C66}.AppStore|iPhone.Build.0 = AppStore|iPhone
		{10DB6A82-6940-49DB-BD35-4C8758AF6C66}.AppStore|iPhone.Deploy.0 = AppStore|iPhone
		{10DB6A82-6940-49DB-BD35-4C8758AF6C66}.AppStore|iPhoneSimulator.ActiveCfg = AppStore|iPhoneSimulator
		{10DB6A82-6940-49DB-BD35-4C8758AF6C66}.AppStore|iPhoneSimulator.Build.0 = AppStore|iPhoneSimulator
		{10DB6A82-6940-49DB-BD35-4C8758AF6C66}.AppStore|iPhoneSimulator.Deploy.0 = AppStore|iPhoneSimulator
		{10DB6A82-6940-49DB-BD35-4C8758AF6C66}.AppStore|x64.ActiveCfg = AppStore|iPhone
		{10DB6A82-6940-49DB-BD35-4C8758AF6C66}.AppStore|x64.Build.0 = AppStore|iPhone
		{10DB6A82-6940-49DB-BD35-4C8758AF6C66}.AppStore|x64.Deploy.0 = AppStore|iPhone
		{10DB6A82-6940-49DB-BD35-4C8758AF6C66}.AppStore|x86.ActiveCfg = AppStore|iPhone
		{10DB6A82-6940-49DB-BD35-4C8758AF6C66}.AppStore|x86.Build.0 = AppStore|iPhone
		{10DB6A82-6940-49DB-BD35-4C8758AF6C66}.AppStore|x86.Deploy.0 = AppStore|iPhone
		{10DB6A82-6940-49DB-BD35-4C8758AF6C66}.Debug|Any CPU.ActiveCfg = Debug|iPhoneSimulator
		{10DB6A82-6940-49DB-BD35-4C8758AF6C66}.Debug|Any CPU.Build.0 = Debug|iPhoneSimulator
		{10DB6A82-6940-49DB-BD35-4C8758AF6C66}.Debug|Any CPU.Deploy.0 = Debug|iPhoneSimulator
		{10DB6A82-6940-49DB-BD35-4C8758AF6C66}.Debug|ARM.ActiveCfg = Debug|iPhone
		{10DB6A82-6940-49DB-BD35-4C8758AF6C66}.Debug|ARM.Build.0 = Debug|iPhone
		{10DB6A82-6940-49DB-BD35-4C8758AF6C66}.Debug|ARM.Deploy.0 = Debug|iPhone
		{10DB6A82-6940-49DB-BD35-4C8758AF6C66}.Debug|iPhone.ActiveCfg = Debug|iPhone
		{10DB6A82-6940-49DB-BD35-4C8758AF6C66}.Debug|iPhone.Build.0 = Debug|iPhone
		{10DB6A82-6940-49DB-BD35-4C8758AF6C66}.Debug|iPhone.Deploy.0 = Debug|iPhone
		{10DB6A82-6940-49DB-BD35-4C8758AF6C66}.Debug|iPhoneSimulator.ActiveCfg = Debug|iPhoneSimulator
		{10DB6A82-6940-49DB-BD35-4C8758AF6C66}.Debug|iPhoneSimulator.Build.0 = Debug|iPhoneSimulator
		{10DB6A82-6940-49DB-BD35-4C8758AF6C66}.Debug|iPhoneSimulator.Deploy.0 = Debug|iPhoneSimulator
		{10DB6A82-6940-49DB-BD35-4C8758AF6C66}.Debug|x64.ActiveCfg = Debug|iPhone
		{10DB6A82-6940-49DB-BD35-4C8758AF6C66}.Debug|x64.Build.0 = Debug|iPhone
		{10DB6A82-6940-49DB-BD35-4C8758AF6C66}.Debug|x64.Deploy.0 = Debug|iPhone
		{10DB6A82-6940-49DB-BD35-4C8758AF6C66}.Debug|x86.ActiveCfg = Debug|iPhone
		{10DB6A82-6940-49DB-BD35-4C8758AF6C66}.Debug|x86.Build.0 = Debug|iPhone
		{10DB6A82-6940-49DB-BD35-4C8758AF6C66}.Debug|x86.Deploy.0 = Debug|iPhone
		{10DB6A82-6940-49DB-BD35-4C8758AF6C66}.Release|Any CPU.ActiveCfg = Release|iPhone
		{10DB6A82-6940-49DB-BD35-4C8758AF6C66}.Release|Any CPU.Build.0 = Release|iPhone
		{10DB6A82-6940-49DB-BD35-4C8758AF6C66}.Release|Any CPU.Deploy.0 = Release|iPhone
		{10DB6A82-6940-49DB-BD35-4C8758AF6C66}.Release|ARM.ActiveCfg = Release|iPhone
		{10DB6A82-6940-49DB-BD35-4C8758AF6C66}.Release|ARM.Build.0 = Release|iPhone
		{10DB6A82-6940-49DB-BD35-4C8758AF6C66}.Release|ARM.Deploy.0 = Release|iPhone
		{10DB6A82-6940-49DB-BD35-4C8758AF6C66}.Release|iPhone.ActiveCfg = Release|iPhone
		{10DB6A82-6940-49DB-BD35-4C8758AF6C66}.Release|iPhone.Build.0 = Release|iPhone
		{10DB6A82-6940-49DB-BD35-4C8758AF6C66}.Release|iPhone.Deploy.0 = Release|iPhone
		{10DB6A82-6940-49DB-BD35-4C8758AF6C66}.Release|iPhoneSimulator.ActiveCfg = Release|iPhoneSimulator
		{10DB6A82-6940-49DB-BD35-4C8758AF6C66}.Release|iPhoneSimulator.Build.0 = Release|iPhoneSimulator
		{10DB6A82-6940-49DB-BD35-4C8758AF6C66}.Release|iPhoneSimulator.Deploy.0 = Release|iPhoneSimulator
		{10DB6A82-6940-49DB-BD35-4C8758AF6C66}.Release|x64.ActiveCfg = Release|iPhone
		{10DB6A82-6940-49DB-BD35-4C8758AF6C66}.Release|x64.Build.0 = Release|iPhone
		{10DB6A82-6940-49DB-BD35-4C8758AF6C66}.Release|x64.Deploy.0 = Release|iPhone
		{10DB6A82-6940-49DB-BD35-4C8758AF6C66}.Release|x86.ActiveCfg = Release|iPhone
		{10DB6A82-6940-49DB-BD35-4C8758AF6C66}.Release|x86.Build.0 = Release|iPhone
		{10DB6A82-6940-49DB-BD35-4C8758AF6C66}.Release|x86.Deploy.0 = Release|iPhone
		{BBFB23F5-1EBB-42EE-8FC0-0BA8A1C66197}.Ad-Hoc|Any CPU.ActiveCfg = Release|x86
		{BBFB23F5-1EBB-42EE-8FC0-0BA8A1C66197}.Ad-Hoc|Any CPU.Build.0 = Release|x86
		{BBFB23F5-1EBB-42EE-8FC0-0BA8A1C66197}.Ad-Hoc|Any CPU.Deploy.0 = Release|x86
		{BBFB23F5-1EBB-42EE-8FC0-0BA8A1C66197}.Ad-Hoc|ARM.ActiveCfg = Release|ARM
		{BBFB23F5-1EBB-42EE-8FC0-0BA8A1C66197}.Ad-Hoc|ARM.Build.0 = Release|ARM
		{BBFB23F5-1EBB-42EE-8FC0-0BA8A1C66197}.Ad-Hoc|ARM.Deploy.0 = Release|ARM
		{BBFB23F5-1EBB-42EE-8FC0-0BA8A1C66197}.Ad-Hoc|iPhone.ActiveCfg = Release|x86
		{BBFB23F5-1EBB-42EE-8FC0-0BA8A1C66197}.Ad-Hoc|iPhone.Build.0 = Release|x86
		{BBFB23F5-1EBB-42EE-8FC0-0BA8A1C66197}.Ad-Hoc|iPhone.Deploy.0 = Release|x86
		{BBFB23F5-1EBB-42EE-8FC0-0BA8A1C66197}.Ad-Hoc|iPhoneSimulator.ActiveCfg = Release|x86
		{BBFB23F5-1EBB-42EE-8FC0-0BA8A1C66197}.Ad-Hoc|iPhoneSimulator.Build.0 = Release|x86
		{BBFB23F5-1EBB-42EE-8FC0-0BA8A1C66197}.Ad-Hoc|iPhoneSimulator.Deploy.0 = Release|x86
		{BBFB23F5-1EBB-42EE-8FC0-0BA8A1C66197}.Ad-Hoc|x64.ActiveCfg = Release|x64
		{BBFB23F5-1EBB-42EE-8FC0-0BA8A1C66197}.Ad-Hoc|x64.Build.0 = Release|x64
		{BBFB23F5-1EBB-42EE-8FC0-0BA8A1C66197}.Ad-Hoc|x64.Deploy.0 = Release|x64
		{BBFB23F5-1EBB-42EE-8FC0-0BA8A1C66197}.Ad-Hoc|x86.ActiveCfg = Release|x86
		{BBFB23F5-1EBB-42EE-8FC0-0BA8A1C66197}.Ad-Hoc|x86.Build.0 = Release|x86
		{BBFB23F5-1EBB-42EE-8FC0-0BA8A1C66197}.Ad-Hoc|x86.Deploy.0 = Release|x86
		{BBFB23F5-1EBB-42EE-8FC0-0BA8A1C66197}.AppStore|Any CPU.ActiveCfg = Release|x86
		{BBFB23F5-1EBB-42EE-8FC0-0BA8A1C66197}.AppStore|Any CPU.Build.0 = Release|x86
		{BBFB23F5-1EBB-42EE-8FC0-0BA8A1C66197}.AppStore|Any CPU.Deploy.0 = Release|x86
		{BBFB23F5-1EBB-42EE-8FC0-0BA8A1C66197}.AppStore|ARM.ActiveCfg = Release|ARM
		{BBFB23F5-1EBB-42EE-8FC0-0BA8A1C66197}.AppStore|ARM.Build.0 = Release|ARM
		{BBFB23F5-1EBB-42EE-8FC0-0BA8A1C66197}.AppStore|ARM.Deploy.0 = Release|ARM
		{BBFB23F5-1EBB-42EE-8FC0-0BA8A1C66197}.AppStore|iPhone.ActiveCfg = Release|x86
		{BBFB23F5-1EBB-42EE-8FC0-0BA8A1C66197}.AppStore|iPhone.Build.0 = Release|x86
		{BBFB23F5-1EBB-42EE-8FC0-0BA8A1C66197}.AppStore|iPhone.Deploy.0 = Release|x86
		{BBFB23F5-1EBB-42EE-8FC0-0BA8A1C66197}.AppStore|iPhoneSimulator.ActiveCfg = Release|x86
		{BBFB23F5-1EBB-42EE-8FC0-0BA8A1C66197}.AppStore|iPhoneSimulator.Build.0 = Release|x86
		{BBFB23F5-1EBB-42EE-8FC0-0BA8A1C66197}.AppStore|iPhoneSimulator.Deploy.0 = Release|x86
		{BBFB23F5-1EBB-42EE-8FC0-0BA8A1C66197}.AppStore|x64.ActiveCfg = Release|x64
		{BBFB23F5-1EBB-42EE-8FC0-0BA8A1C66197}.AppStore|x64.Build.0 = Release|x64
		{BBFB23F5-1EBB-42EE-8FC0-0BA8A1C66197}.AppStore|x64.Deploy.0 = Release|x64
		{BBFB23F5-1EBB-42EE-8FC0-0BA8A1C66197}.AppStore|x86.ActiveCfg = Release|x86
		{BBFB23F5-1EBB-42EE-8FC0-0BA8A1C66197}.AppStore|x86.Build.0 = Release|x86
		{BBFB23F5-1EBB-42EE-8FC0-0BA8A1C66197}.AppStore|x86.Deploy.0 = Release|x86
		{BBFB23F5-1EBB-42EE-8FC0-0BA8A1C66197}.Debug|Any CPU.ActiveCfg = Debug|x86
		{BBFB23F5-1EBB-42EE-8FC0-0BA8A1C66197}.Debug|Any CPU.Build.0 = Debug|x86
		{BBFB23F5-1EBB-42EE-8FC0-0BA8A1C66197}.Debug|Any CPU.Deploy.0 = Debug|x86
		{BBFB23F5-1EBB-42EE-8FC0-0BA8A1C66197}.Debug|ARM.ActiveCfg = Debug|ARM
		{BBFB23F5-1EBB-42EE-8FC0-0BA8A1C66197}.Debug|ARM.Build.0 = Debug|ARM
		{BBFB23F5-1EBB-42EE-8FC0-0BA8A1C66197}.Debug|ARM.Deploy.0 = Debug|ARM
		{BBFB23F5-1EBB-42EE-8FC0-0BA8A1C66197}.Debug|iPhone.ActiveCfg = Debug|x86
		{BBFB23F5-1EBB-42EE-8FC0-0BA8A1C66197}.Debug|iPhone.Build.0 = Debug|x86
		{BBFB23F5-1EBB-42EE-8FC0-0BA8A1C66197}.Debug|iPhone.Deploy.0 = Debug|x86
		{BBFB23F5-1EBB-42EE-8FC0-0BA8A1C66197}.Debug|iPhoneSimulator.ActiveCfg = Debug|x86
		{BBFB23F5-1EBB-42EE-8FC0-0BA8A1C66197}.Debug|iPhoneSimulator.Build.0 = Debug|x86
		{BBFB23F5-1EBB-42EE-8FC0-0BA8A1C66197}.Debug|iPhoneSimulator.Deploy.0 = Debug|x86
		{BBFB23F5-1EBB-42EE-8FC0-0BA8A1C66197}.Debug|x64.ActiveCfg = Debug|x64
		{BBFB23F5-1EBB-42EE-8FC0-0BA8A1C66197}.Debug|x64.Build.0 = Debug|x64
		{BBFB23F5-1EBB-42EE-8FC0-0BA8A1C66197}.Debug|x64.Deploy.0 = Debug|x64
		{BBFB23F5-1EBB-42EE-8FC0-0BA8A1C66197}.Debug|x86.ActiveCfg = Debug|x86
		{BBFB23F5-1EBB-42EE-8FC0-0BA8A1C66197}.Debug|x86.Build.0 = Debug|x86
		{BBFB23F5-1EBB-42EE-8FC0-0BA8A1C66197}.Debug|x86.Deploy.0 = Debug|x86
		{BBFB23F5-1EBB-42EE-8FC0-0BA8A1C66197}.Release|Any CPU.ActiveCfg = Release|x86
		{BBFB23F5-1EBB-42EE-8FC0-0BA8A1C66197}.Release|Any CPU.Build.0 = Release|x86
		{BBFB23F5-1EBB-42EE-8FC0-0BA8A1C66197}.Release|Any CPU.Deploy.0 = Release|x86
		{BBFB23F5-1EBB-42EE-8FC0-0BA8A1C66197}.Release|ARM.ActiveCfg = Release|ARM
		{BBFB23F5-1EBB-42EE-8FC0-0BA8A1C66197}.Release|ARM.Build.0 = Release|ARM
		{BBFB23F5-1EBB-42EE-8FC0-0BA8A1C66197}.Release|ARM.Deploy.0 = Release|ARM
		{BBFB23F5-1EBB-42EE-8FC0-0BA8A1C66197}.Release|iPhone.ActiveCfg = Release|x86
		{BBFB23F5-1EBB-42EE-8FC0-0BA8A1C66197}.Release|iPhone.Build.0 = Release|x86
		{BBFB23F5-1EBB-42EE-8FC0-0BA8A1C66197}.Release|iPhone.Deploy.0 = Release|x86
		{BBFB23F5-1EBB-42EE-8FC0-0BA8A1C66197}.Release|iPhoneSimulator.ActiveCfg = Release|x86
		{BBFB23F5-1EBB-42EE-8FC0-0BA8A1C66197}.Release|iPhoneSimulator.Build.0 = Release|x86
		{BBFB23F5-1EBB-42EE-8FC0-0BA8A1C66197}.Release|iPhoneSimulator.Deploy.0 = Release|x86
		{BBFB23F5-1EBB-42EE-8FC0-0BA8A1C66197}.Release|x64.ActiveCfg = Release|x64
		{BBFB23F5-1EBB-42EE-8FC0-0BA8A1C66197}.Release|x64.Build.0 = Release|x64
		{BBFB23F5-1EBB-42EE-8FC0-0BA8A1C66197}.Release|x64.Deploy.0 = Release|x64
		{BBFB23F5-1EBB-42EE-8FC0-0BA8A1C66197}.Release|x86.ActiveCfg = Release|x86
		{BBFB23F5-1EBB-42EE-8FC0-0BA8A1C66197}.Release|x86.Build.0 = Release|x86
		{BBFB23F5-1EBB-42EE-8FC0-0BA8A1C66197}.Release|x86.Deploy.0 = Release|x86
		{2CD790EE-ECA3-4592-9ED5-01404C142BB3}.Ad-Hoc|Any CPU.ActiveCfg = Release|Any CPU
		{2CD790EE-ECA3-4592-9ED5-01404C142BB3}.Ad-Hoc|Any CPU.Build.0 = Release|Any CPU
		{2CD790EE-ECA3-4592-9ED5-01404C142BB3}.Ad-Hoc|ARM.ActiveCfg = Release|Any CPU
		{2CD790EE-ECA3-4592-9ED5-01404C142BB3}.Ad-Hoc|ARM.Build.0 = Release|Any CPU
		{2CD790EE-ECA3-4592-9ED5-01404C142BB3}.Ad-Hoc|iPhone.ActiveCfg = Release|Any CPU
		{2CD790EE-ECA3-4592-9ED5-01404C142BB3}.Ad-Hoc|iPhone.Build.0 = Release|Any CPU
		{2CD790EE-ECA3-4592-9ED5-01404C142BB3}.Ad-Hoc|iPhoneSimulator.ActiveCfg = Release|Any CPU
		{2CD790EE-ECA3-4592-9ED5-01404C142BB3}.Ad-Hoc|iPhoneSimulator.Build.0 = Release|Any CPU
		{2CD790EE-ECA3-4592-9ED5-01404C142BB3}.Ad-Hoc|x64.ActiveCfg = Release|Any CPU
		{2CD790EE-ECA3-4592-9ED5-01404C142BB3}.Ad-Hoc|x64.Build.0 = Release|Any CPU
		{2CD790EE-ECA3-4592-9ED5-01404C142BB3}.Ad-Hoc|x86.ActiveCfg = Release|Any CPU
		{2CD790EE-ECA3-4592-9ED5-01404C142BB3}.Ad-Hoc|x86.Build.0 = Release|Any CPU
		{2CD790EE-ECA3-4592-9ED5-01404C142BB3}.AppStore|Any CPU.ActiveCfg = Release|Any CPU
		{2CD790EE-ECA3-4592-9ED5-01404C142BB3}.AppStore|Any CPU.Build.0 = Release|Any CPU
		{2CD790EE-ECA3-4592-9ED5-01404C142BB3}.AppStore|ARM.ActiveCfg = Release|Any CPU
		{2CD790EE-ECA3-4592-9ED5-01404C142BB3}.AppStore|ARM.Build.0 = Release|Any CPU
		{2CD790EE-ECA3-4592-9ED5-01404C142BB3}.AppStore|iPhone.ActiveCfg = Release|Any CPU
		{2CD790EE-ECA3-4592-9ED5-01404C142BB3}.AppStore|iPhone.Build.0 = Release|Any CPU
		{2CD790EE-ECA3-4592-9ED5-01404C142BB3}.AppStore|iPhoneSimulator.ActiveCfg = Release|Any CPU
		{2CD790EE-ECA3-4592-9ED5-01404C142BB3}.AppStore|iPhoneSimulator.Build.0 = Release|Any CPU
		{2CD790EE-ECA3-4592-9ED5-01404C142BB3}.AppStore|x64.ActiveCfg = Release|Any CPU
		{2CD790EE-ECA3-4592-9ED5-01404C142BB3}.AppStore|x64.Build.0 = Release|Any CPU
		{2CD790EE-ECA3-4592-9ED5-01404C142BB3}.AppStore|x86.ActiveCfg = Release|Any CPU
		{2CD790EE-ECA3-4592-9ED5-01404C142BB3}.AppStore|x86.Build.0 = Release|Any CPU
		{2CD790EE-ECA3-4592-9ED5-01404C142BB3}.Debug|Any CPU.ActiveCfg = Debug|Any CPU
		{2CD790EE-ECA3-4592-9ED5-01404C142BB3}.Debug|Any CPU.Build.0 = Debug|Any CPU
		{2CD790EE-ECA3-4592-9ED5-01404C142BB3}.Debug|ARM.ActiveCfg = Debug|Any CPU
		{2CD790EE-ECA3-4592-9ED5-01404C142BB3}.Debug|ARM.Build.0 = Debug|Any CPU
		{2CD790EE-ECA3-4592-9ED5-01404C142BB3}.Debug|iPhone.ActiveCfg = Debug|Any CPU
		{2CD790EE-ECA3-4592-9ED5-01404C142BB3}.Debug|iPhone.Build.0 = Debug|Any CPU
		{2CD790EE-ECA3-4592-9ED5-01404C142BB3}.Debug|iPhoneSimulator.ActiveCfg = Debug|Any CPU
		{2CD790EE-ECA3-4592-9ED5-01404C142BB3}.Debug|iPhoneSimulator.Build.0 = Debug|Any CPU
		{2CD790EE-ECA3-4592-9ED5-01404C142BB3}.Debug|x64.ActiveCfg = Debug|Any CPU
		{2CD790EE-ECA3-4592-9ED5-01404C142BB3}.Debug|x64.Build.0 = Debug|Any CPU
		{2CD790EE-ECA3-4592-9ED5-01404C142BB3}.Debug|x86.ActiveCfg = Debug|Any CPU
		{2CD790EE-ECA3-4592-9ED5-01404C142BB3}.Debug|x86.Build.0 = Debug|Any CPU
		{2CD790EE-ECA3-4592-9ED5-01404C142BB3}.Release|Any CPU.ActiveCfg = Release|Any CPU
		{2CD790EE-ECA3-4592-9ED5-01404C142BB3}.Release|Any CPU.Build.0 = Release|Any CPU
		{2CD790EE-ECA3-4592-9ED5-01404C142BB3}.Release|ARM.ActiveCfg = Release|Any CPU
		{2CD790EE-ECA3-4592-9ED5-01404C142BB3}.Release|ARM.Build.0 = Release|Any CPU
		{2CD790EE-ECA3-4592-9ED5-01404C142BB3}.Release|iPhone.ActiveCfg = Release|Any CPU
		{2CD790EE-ECA3-4592-9ED5-01404C142BB3}.Release|iPhone.Build.0 = Release|Any CPU
		{2CD790EE-ECA3-4592-9ED5-01404C142BB3}.Release|iPhoneSimulator.ActiveCfg = Release|Any CPU
		{2CD790EE-ECA3-4592-9ED5-01404C142BB3}.Release|iPhoneSimulator.Build.0 = Release|Any CPU
		{2CD790EE-ECA3-4592-9ED5-01404C142BB3}.Release|x64.ActiveCfg = Release|Any CPU
		{2CD790EE-ECA3-4592-9ED5-01404C142BB3}.Release|x64.Build.0 = Release|Any CPU
		{2CD790EE-ECA3-4592-9ED5-01404C142BB3}.Release|x86.ActiveCfg = Release|Any CPU
		{2CD790EE-ECA3-4592-9ED5-01404C142BB3}.Release|x86.Build.0 = Release|Any CPU
	EndGlobalSection
	GlobalSection(SolutionProperties) = preSolution
		HideSolutionNode = FALSE
	EndGlobalSection
	GlobalSection(ExtensibilityGlobals) = postSolution
		SolutionGuid = {EC758E26-CF13-497A-9931-0EE7C69DAEE9}
	EndGlobalSection
EndGlobal
